
Microsoft Visual Studio Solution File, Format Version 12.00
# Visual Studio Version 16
VisualStudioVersion = 16.0.30804.86
MinimumVisualStudioVersion = 10.0.40219.1
Project("{FAE04EC0-301F-11D3-BF4B-00C04F79EFBC}") = "DataCollectorCS", "DataCollectorCS\DataCollectorCS.csproj", "{29CC37CD-C666-4841-AF8E-E528C4282256}"
EndProject
Global
	GlobalSection(SolutionConfigurationPlatforms) = preSolution
		Debug|Any CPU = Debug|Any CPU
		Release|Any CPU = Release|Any CPU
	EndGlobalSection
	GlobalSection(ProjectConfigurationPlatforms) = postSolution
		{29CC37CD-C666-4841-AF8E-E528C4282256}.Debug|Any CPU.ActiveCfg = Debug|Any CPU
		{29CC37CD-C666-4841-AF8E-E528C4282256}.Debug|Any CPU.Build.0 = Debug|Any CPU
		{29CC37CD-C666-4841-AF8E-E528C4282256}.Release|Any CPU.ActiveCfg = Release|Any CPU
		{29CC37CD-C666-4841-AF8E-E528C4282256}.Release|Any CPU.Build.0 = Release|Any CPU
	EndGlobalSection
	GlobalSection(SolutionProperties) = preSolution
		HideSolutionNode = FALSE
	EndGlobalSection
	GlobalSection(ExtensibilityGlobals) = postSolution
		SolutionGuid = {BAEA657A-DFF9-4705-8B07-85875A80BB5D}
	EndGlobalSection
EndGlobal
